// !$*UTF8*$!
{
	archiveVersion = 1;
	classes = {
	};
	objectVersion = 56;
	objects = {

/* Begin PBXBuildFile section */
		292E3A4A2AE6DFBC00105E79 /* BuildingsData.swift in Sources */ = {isa = PBXBuildFile; fileRef = 292E3A492AE6DFBC00105E79 /* BuildingsData.swift */; };
		2970D26B2AE70E2900AFC233 /* SourceOfTruth.swift in Sources */ = {isa = PBXBuildFile; fileRef = 2970D26A2AE70E2900AFC233 /* SourceOfTruth.swift */; };
		2970D26D2AE70F0500AFC233 /* BuildingView.swift in Sources */ = {isa = PBXBuildFile; fileRef = 2970D26C2AE70F0500AFC233 /* BuildingView.swift */; };
		AC09B68A2AD93AB700DCE6D3 /* BuildingsList.swift in Sources */ = {isa = PBXBuildFile; fileRef = AC09B6892AD93AB700DCE6D3 /* BuildingsList.swift */; };
		ACBF30C42ACFFB2E009562D2 /* AGHcampusApp.swift in Sources */ = {isa = PBXBuildFile; fileRef = ACBF30C32ACFFB2E009562D2 /* AGHcampusApp.swift */; };
		ACBF30C82ACFFB2F009562D2 /* Assets.xcassets in Resources */ = {isa = PBXBuildFile; fileRef = ACBF30C72ACFFB2F009562D2 /* Assets.xcassets */; };
		ACBF30CB2ACFFB2F009562D2 /* Preview Assets.xcassets in Resources */ = {isa = PBXBuildFile; fileRef = ACBF30CA2ACFFB2F009562D2 /* Preview Assets.xcassets */; };
		ACBF30CD2ACFFB2F009562D2 /* Persistence.swift in Sources */ = {isa = PBXBuildFile; fileRef = ACBF30CC2ACFFB2F009562D2 /* Persistence.swift */; };
		ACBF30D02ACFFB2F009562D2 /* AGHcampus.xcdatamodeld in Sources */ = {isa = PBXBuildFile; fileRef = ACBF30CE2ACFFB2F009562D2 /* AGHcampus.xcdatamodeld */; };
		ACBF30DA2ACFFB30009562D2 /* AGHcampusTests.swift in Sources */ = {isa = PBXBuildFile; fileRef = ACBF30D92ACFFB30009562D2 /* AGHcampusTests.swift */; };
		ACBF30E42ACFFB30009562D2 /* AGHcampusUITests.swift in Sources */ = {isa = PBXBuildFile; fileRef = ACBF30E32ACFFB30009562D2 /* AGHcampusUITests.swift */; };
		ACBF30E62ACFFB30009562D2 /* AGHcampusUITestsLaunchTests.swift in Sources */ = {isa = PBXBuildFile; fileRef = ACBF30E52ACFFB30009562D2 /* AGHcampusUITestsLaunchTests.swift */; };
		ACEF29D02AE26EFA0082D1C5 /* BuildingCardView.swift in Sources */ = {isa = PBXBuildFile; fileRef = ACEF29CF2AE26EFA0082D1C5 /* BuildingCardView.swift */; };
/* End PBXBuildFile section */

/* Begin PBXContainerItemProxy section */
		ACBF30D62ACFFB30009562D2 /* PBXContainerItemProxy */ = {
			isa = PBXContainerItemProxy;
			containerPortal = ACBF30B82ACFFB2D009562D2 /* Project object */;
			proxyType = 1;
			remoteGlobalIDString = ACBF30BF2ACFFB2E009562D2;
			remoteInfo = AGHcampus;
		};
		ACBF30E02ACFFB30009562D2 /* PBXContainerItemProxy */ = {
			isa = PBXContainerItemProxy;
			containerPortal = ACBF30B82ACFFB2D009562D2 /* Project object */;
			proxyType = 1;
			remoteGlobalIDString = ACBF30BF2ACFFB2E009562D2;
			remoteInfo = AGHcampus;
		};
/* End PBXContainerItemProxy section */

/* Begin PBXFileReference section */
		292E3A492AE6DFBC00105E79 /* BuildingsData.swift */ = {isa = PBXFileReference; lastKnownFileType = sourcecode.swift; path = BuildingsData.swift; sourceTree = "<group>"; };
		2970D26A2AE70E2900AFC233 /* SourceOfTruth.swift */ = {isa = PBXFileReference; fileEncoding = 4; lastKnownFileType = sourcecode.swift; path = SourceOfTruth.swift; sourceTree = "<group>"; };
		2970D26C2AE70F0500AFC233 /* BuildingView.swift */ = {isa = PBXFileReference; fileEncoding = 4; lastKnownFileType = sourcecode.swift; path = BuildingView.swift; sourceTree = "<group>"; };
		AC09B6892AD93AB700DCE6D3 /* BuildingsList.swift */ = {isa = PBXFileReference; lastKnownFileType = sourcecode.swift; path = BuildingsList.swift; sourceTree = "<group>"; };
		ACBF30C02ACFFB2E009562D2 /* AGHcampus.app */ = {isa = PBXFileReference; explicitFileType = wrapper.application; includeInIndex = 0; path = AGHcampus.app; sourceTree = BUILT_PRODUCTS_DIR; };
		ACBF30C32ACFFB2E009562D2 /* AGHcampusApp.swift */ = {isa = PBXFileReference; lastKnownFileType = sourcecode.swift; path = AGHcampusApp.swift; sourceTree = "<group>"; };
		ACBF30C72ACFFB2F009562D2 /* Assets.xcassets */ = {isa = PBXFileReference; lastKnownFileType = folder.assetcatalog; path = Assets.xcassets; sourceTree = "<group>"; };
		ACBF30CA2ACFFB2F009562D2 /* Preview Assets.xcassets */ = {isa = PBXFileReference; lastKnownFileType = folder.assetcatalog; path = "Preview Assets.xcassets"; sourceTree = "<group>"; };
		ACBF30CC2ACFFB2F009562D2 /* Persistence.swift */ = {isa = PBXFileReference; lastKnownFileType = sourcecode.swift; path = Persistence.swift; sourceTree = "<group>"; };
		ACBF30CF2ACFFB2F009562D2 /* AGHcampus.xcdatamodel */ = {isa = PBXFileReference; lastKnownFileType = wrapper.xcdatamodel; path = AGHcampus.xcdatamodel; sourceTree = "<group>"; };
		ACBF30D52ACFFB30009562D2 /* AGHcampusTests.xctest */ = {isa = PBXFileReference; explicitFileType = wrapper.cfbundle; includeInIndex = 0; path = AGHcampusTests.xctest; sourceTree = BUILT_PRODUCTS_DIR; };
		ACBF30D92ACFFB30009562D2 /* AGHcampusTests.swift */ = {isa = PBXFileReference; lastKnownFileType = sourcecode.swift; path = AGHcampusTests.swift; sourceTree = "<group>"; };
		ACBF30DF2ACFFB30009562D2 /* AGHcampusUITests.xctest */ = {isa = PBXFileReference; explicitFileType = wrapper.cfbundle; includeInIndex = 0; path = AGHcampusUITests.xctest; sourceTree = BUILT_PRODUCTS_DIR; };
		ACBF30E32ACFFB30009562D2 /* AGHcampusUITests.swift */ = {isa = PBXFileReference; lastKnownFileType = sourcecode.swift; path = AGHcampusUITests.swift; sourceTree = "<group>"; };
		ACBF30E52ACFFB30009562D2 /* AGHcampusUITestsLaunchTests.swift */ = {isa = PBXFileReference; lastKnownFileType = sourcecode.swift; path = AGHcampusUITestsLaunchTests.swift; sourceTree = "<group>"; };
		ACEF29CF2AE26EFA0082D1C5 /* BuildingCardView.swift */ = {isa = PBXFileReference; lastKnownFileType = sourcecode.swift; path = BuildingCardView.swift; sourceTree = "<group>"; };
/* End PBXFileReference section */

/* Begin PBXFrameworksBuildPhase section */
		ACBF30BD2ACFFB2E009562D2 /* Frameworks */ = {
			isa = PBXFrameworksBuildPhase;
			buildActionMask = 2147483647;
			files = (
			);
			runOnlyForDeploymentPostprocessing = 0;
		};
		ACBF30D22ACFFB30009562D2 /* Frameworks */ = {
			isa = PBXFrameworksBuildPhase;
			buildActionMask = 2147483647;
			files = (
			);
			runOnlyForDeploymentPostprocessing = 0;
		};
		ACBF30DC2ACFFB30009562D2 /* Frameworks */ = {
			isa = PBXFrameworksBuildPhase;
			buildActionMask = 2147483647;
			files = (
			);
			runOnlyForDeploymentPostprocessing = 0;
		};
/* End PBXFrameworksBuildPhase section */

/* Begin PBXGroup section */
		ACBF30B72ACFFB2D009562D2 = {
			isa = PBXGroup;
			children = (
				ACBF30C22ACFFB2E009562D2 /* AGHcampus */,
				ACBF30D82ACFFB30009562D2 /* AGHcampusTests */,
				ACBF30E22ACFFB30009562D2 /* AGHcampusUITests */,
				ACBF30C12ACFFB2E009562D2 /* Products */,
			);
			sourceTree = "<group>";
		};
		ACBF30C12ACFFB2E009562D2 /* Products */ = {
			isa = PBXGroup;
			children = (
				ACBF30C02ACFFB2E009562D2 /* AGHcampus.app */,
				ACBF30D52ACFFB30009562D2 /* AGHcampusTests.xctest */,
				ACBF30DF2ACFFB30009562D2 /* AGHcampusUITests.xctest */,
			);
			name = Products;
			sourceTree = "<group>";
		};
		ACBF30C22ACFFB2E009562D2 /* AGHcampus */ = {
			isa = PBXGroup;
			children = (
				ACBF30C32ACFFB2E009562D2 /* AGHcampusApp.swift */,
				ACBF30C72ACFFB2F009562D2 /* Assets.xcassets */,
				ACEF29D12AE26F910082D1C5 /* Data */,
				ACEF29CE2AE26EC10082D1C5 /* Views */,
				ACBF30CC2ACFFB2F009562D2 /* Persistence.swift */,
				ACBF30CE2ACFFB2F009562D2 /* AGHcampus.xcdatamodeld */,
				ACBF30C92ACFFB2F009562D2 /* Preview Content */,
			);
			path = AGHcampus;
			sourceTree = "<group>";
		};
		ACBF30C92ACFFB2F009562D2 /* Preview Content */ = {
			isa = PBXGroup;
			children = (
				ACBF30CA2ACFFB2F009562D2 /* Preview Assets.xcassets */,
			);
			path = "Preview Content";
			sourceTree = "<group>";
		};
		ACBF30D82ACFFB30009562D2 /* AGHcampusTests */ = {
			isa = PBXGroup;
			children = (
				ACBF30D92ACFFB30009562D2 /* AGHcampusTests.swift */,
			);
			path = AGHcampusTests;
			sourceTree = "<group>";
		};
		ACBF30E22ACFFB30009562D2 /* AGHcampusUITests */ = {
			isa = PBXGroup;
			children = (
				ACBF30E32ACFFB30009562D2 /* AGHcampusUITests.swift */,
				ACBF30E52ACFFB30009562D2 /* AGHcampusUITestsLaunchTests.swift */,
			);
			path = AGHcampusUITests;
			sourceTree = "<group>";
		};
		ACEF29CE2AE26EC10082D1C5 /* Views */ = {
			isa = PBXGroup;
			children = (
				2970D26C2AE70F0500AFC233 /* BuildingView.swift */,
				AC09B6892AD93AB700DCE6D3 /* BuildingsList.swift */,
				ACEF29CF2AE26EFA0082D1C5 /* BuildingCardView.swift */,
			);
			path = Views;
			sourceTree = "<group>";
		};
		ACEF29D12AE26F910082D1C5 /* Data */ = {
			isa = PBXGroup;
			children = (
				2970D26A2AE70E2900AFC233 /* SourceOfTruth.swift */,
				292E3A492AE6DFBC00105E79 /* BuildingsData.swift */,
			);
			path = Data;
			sourceTree = "<group>";
		};
/* End PBXGroup section */

/* Begin PBXNativeTarget section */
		ACBF30BF2ACFFB2E009562D2 /* AGHcampus */ = {
			isa = PBXNativeTarget;
			buildConfigurationList = ACBF30E92ACFFB30009562D2 /* Build configuration list for PBXNativeTarget "AGHcampus" */;
			buildPhases = (
				ACBF30BC2ACFFB2E009562D2 /* Sources */,
				ACBF30BD2ACFFB2E009562D2 /* Frameworks */,
				ACBF30BE2ACFFB2E009562D2 /* Resources */,
			);
			buildRules = (
			);
			dependencies = (
			);
			name = AGHcampus;
			productName = AGHcampus;
			productReference = ACBF30C02ACFFB2E009562D2 /* AGHcampus.app */;
			productType = "com.apple.product-type.application";
		};
		ACBF30D42ACFFB30009562D2 /* AGHcampusTests */ = {
			isa = PBXNativeTarget;
			buildConfigurationList = ACBF30EC2ACFFB30009562D2 /* Build configuration list for PBXNativeTarget "AGHcampusTests" */;
			buildPhases = (
				ACBF30D12ACFFB30009562D2 /* Sources */,
				ACBF30D22ACFFB30009562D2 /* Frameworks */,
				ACBF30D32ACFFB30009562D2 /* Resources */,
			);
			buildRules = (
			);
			dependencies = (
				ACBF30D72ACFFB30009562D2 /* PBXTargetDependency */,
			);
			name = AGHcampusTests;
			productName = AGHcampusTests;
			productReference = ACBF30D52ACFFB30009562D2 /* AGHcampusTests.xctest */;
			productType = "com.apple.product-type.bundle.unit-test";
		};
		ACBF30DE2ACFFB30009562D2 /* AGHcampusUITests */ = {
			isa = PBXNativeTarget;
			buildConfigurationList = ACBF30EF2ACFFB30009562D2 /* Build configuration list for PBXNativeTarget "AGHcampusUITests" */;
			buildPhases = (
				ACBF30DB2ACFFB30009562D2 /* Sources */,
				ACBF30DC2ACFFB30009562D2 /* Frameworks */,
				ACBF30DD2ACFFB30009562D2 /* Resources */,
			);
			buildRules = (
			);
			dependencies = (
				ACBF30E12ACFFB30009562D2 /* PBXTargetDependency */,
			);
			name = AGHcampusUITests;
			productName = AGHcampusUITests;
			productReference = ACBF30DF2ACFFB30009562D2 /* AGHcampusUITests.xctest */;
			productType = "com.apple.product-type.bundle.ui-testing";
		};
/* End PBXNativeTarget section */

/* Begin PBXProject section */
		ACBF30B82ACFFB2D009562D2 /* Project object */ = {
			isa = PBXProject;
			attributes = {
				BuildIndependentTargetsInParallel = 1;
				LastSwiftUpdateCheck = 1500;
				LastUpgradeCheck = 1500;
				TargetAttributes = {
					ACBF30BF2ACFFB2E009562D2 = {
						CreatedOnToolsVersion = 15.0;
					};
					ACBF30D42ACFFB30009562D2 = {
						CreatedOnToolsVersion = 15.0;
						TestTargetID = ACBF30BF2ACFFB2E009562D2;
					};
					ACBF30DE2ACFFB30009562D2 = {
						CreatedOnToolsVersion = 15.0;
						TestTargetID = ACBF30BF2ACFFB2E009562D2;
					};
				};
			};
			buildConfigurationList = ACBF30BB2ACFFB2D009562D2 /* Build configuration list for PBXProject "AGHcampus" */;
			compatibilityVersion = "Xcode 14.0";
			developmentRegion = en;
			hasScannedForEncodings = 0;
			knownRegions = (
				en,
				Base,
			);
			mainGroup = ACBF30B72ACFFB2D009562D2;
			productRefGroup = ACBF30C12ACFFB2E009562D2 /* Products */;
			projectDirPath = "";
			projectRoot = "";
			targets = (
				ACBF30BF2ACFFB2E009562D2 /* AGHcampus */,
				ACBF30D42ACFFB30009562D2 /* AGHcampusTests */,
				ACBF30DE2ACFFB30009562D2 /* AGHcampusUITests */,
			);
		};
/* End PBXProject section */

/* Begin PBXResourcesBuildPhase section */
		ACBF30BE2ACFFB2E009562D2 /* Resources */ = {
			isa = PBXResourcesBuildPhase;
			buildActionMask = 2147483647;
			files = (
				ACBF30CB2ACFFB2F009562D2 /* Preview Assets.xcassets in Resources */,
				ACBF30C82ACFFB2F009562D2 /* Assets.xcassets in Resources */,
			);
			runOnlyForDeploymentPostprocessing = 0;
		};
		ACBF30D32ACFFB30009562D2 /* Resources */ = {
			isa = PBXResourcesBuildPhase;
			buildActionMask = 2147483647;
			files = (
			);
			runOnlyForDeploymentPostprocessing = 0;
		};
		ACBF30DD2ACFFB30009562D2 /* Resources */ = {
			isa = PBXResourcesBuildPhase;
			buildActionMask = 2147483647;
			files = (
			);
			runOnlyForDeploymentPostprocessing = 0;
		};
/* End PBXResourcesBuildPhase section */

/* Begin PBXSourcesBuildPhase section */
		ACBF30BC2ACFFB2E009562D2 /* Sources */ = {
			isa = PBXSourcesBuildPhase;
			buildActionMask = 2147483647;
			files = (
				ACBF30CD2ACFFB2F009562D2 /* Persistence.swift in Sources */,
				2970D26D2AE70F0500AFC233 /* BuildingView.swift in Sources */,
				292E3A4A2AE6DFBC00105E79 /* BuildingsData.swift in Sources */,
				2970D26B2AE70E2900AFC233 /* SourceOfTruth.swift in Sources */,
				ACBF30C42ACFFB2E009562D2 /* AGHcampusApp.swift in Sources */,
				ACEF29D02AE26EFA0082D1C5 /* BuildingCardView.swift in Sources */,
				ACBF30D02ACFFB2F009562D2 /* AGHcampus.xcdatamodeld in Sources */,
				AC09B68A2AD93AB700DCE6D3 /* BuildingsList.swift in Sources */,
			);
			runOnlyForDeploymentPostprocessing = 0;
		};
		ACBF30D12ACFFB30009562D2 /* Sources */ = {
			isa = PBXSourcesBuildPhase;
			buildActionMask = 2147483647;
			files = (
				ACBF30DA2ACFFB30009562D2 /* AGHcampusTests.swift in Sources */,
			);
			runOnlyForDeploymentPostprocessing = 0;
		};
		ACBF30DB2ACFFB30009562D2 /* Sources */ = {
			isa = PBXSourcesBuildPhase;
			buildActionMask = 2147483647;
			files = (
				ACBF30E62ACFFB30009562D2 /* AGHcampusUITestsLaunchTests.swift in Sources */,
				ACBF30E42ACFFB30009562D2 /* AGHcampusUITests.swift in Sources */,
			);
			runOnlyForDeploymentPostprocessing = 0;
		};
/* End PBXSourcesBuildPhase section */

/* Begin PBXTargetDependency section */
		ACBF30D72ACFFB30009562D2 /* PBXTargetDependency */ = {
			isa = PBXTargetDependency;
			target = ACBF30BF2ACFFB2E009562D2 /* AGHcampus */;
			targetProxy = ACBF30D62ACFFB30009562D2 /* PBXContainerItemProxy */;
		};
		ACBF30E12ACFFB30009562D2 /* PBXTargetDependency */ = {
			isa = PBXTargetDependency;
			target = ACBF30BF2ACFFB2E009562D2 /* AGHcampus */;
			targetProxy = ACBF30E02ACFFB30009562D2 /* PBXContainerItemProxy */;
		};
/* End PBXTargetDependency section */

/* Begin XCBuildConfiguration section */
		ACBF30E72ACFFB30009562D2 /* Debug */ = {
			isa = XCBuildConfiguration;
			buildSettings = {
				ALWAYS_SEARCH_USER_PATHS = NO;
				ASSETCATALOG_COMPILER_GENERATE_SWIFT_ASSET_SYMBOL_EXTENSIONS = YES;
				CLANG_ANALYZER_NONNULL = YES;
				CLANG_ANALYZER_NUMBER_OBJECT_CONVERSION = YES_AGGRESSIVE;
				CLANG_CXX_LANGUAGE_STANDARD = "gnu++20";
				CLANG_ENABLE_MODULES = YES;
				CLANG_ENABLE_OBJC_ARC = YES;
				CLANG_ENABLE_OBJC_WEAK = YES;
				CLANG_WARN_BLOCK_CAPTURE_AUTORELEASING = YES;
				CLANG_WARN_BOOL_CONVERSION = YES;
				CLANG_WARN_COMMA = YES;
				CLANG_WARN_CONSTANT_CONVERSION = YES;
				CLANG_WARN_DEPRECATED_OBJC_IMPLEMENTATIONS = YES;
				CLANG_WARN_DIRECT_OBJC_ISA_USAGE = YES_ERROR;
				CLANG_WARN_DOCUMENTATION_COMMENTS = YES;
				CLANG_WARN_EMPTY_BODY = YES;
				CLANG_WARN_ENUM_CONVERSION = YES;
				CLANG_WARN_INFINITE_RECURSION = YES;
				CLANG_WARN_INT_CONVERSION = YES;
				CLANG_WARN_NON_LITERAL_NULL_CONVERSION = YES;
				CLANG_WARN_OBJC_IMPLICIT_RETAIN_SELF = YES;
				CLANG_WARN_OBJC_LITERAL_CONVERSION = YES;
				CLANG_WARN_OBJC_ROOT_CLASS = YES_ERROR;
				CLANG_WARN_QUOTED_INCLUDE_IN_FRAMEWORK_HEADER = YES;
				CLANG_WARN_RANGE_LOOP_ANALYSIS = YES;
				CLANG_WARN_STRICT_PROTOTYPES = YES;
				CLANG_WARN_SUSPICIOUS_MOVE = YES;
				CLANG_WARN_UNGUARDED_AVAILABILITY = YES_AGGRESSIVE;
				CLANG_WARN_UNREACHABLE_CODE = YES;
				CLANG_WARN__DUPLICATE_METHOD_MATCH = YES;
				COPY_PHASE_STRIP = NO;
				DEBUG_INFORMATION_FORMAT = dwarf;
				ENABLE_STRICT_OBJC_MSGSEND = YES;
				ENABLE_TESTABILITY = YES;
				ENABLE_USER_SCRIPT_SANDBOXING = YES;
				GCC_C_LANGUAGE_STANDARD = gnu17;
				GCC_DYNAMIC_NO_PIC = NO;
				GCC_NO_COMMON_BLOCKS = YES;
				GCC_OPTIMIZATION_LEVEL = 0;
				GCC_PREPROCESSOR_DEFINITIONS = (
					"DEBUG=1",
					"$(inherited)",
				);
				GCC_WARN_64_TO_32_BIT_CONVERSION = YES;
				GCC_WARN_ABOUT_RETURN_TYPE = YES_ERROR;
				GCC_WARN_UNDECLARED_SELECTOR = YES;
				GCC_WARN_UNINITIALIZED_AUTOS = YES_AGGRESSIVE;
				GCC_WARN_UNUSED_FUNCTION = YES;
				GCC_WARN_UNUSED_VARIABLE = YES;
				IPHONEOS_DEPLOYMENT_TARGET = 17.0;
				LOCALIZATION_PREFERS_STRING_CATALOGS = YES;
				MTL_ENABLE_DEBUG_INFO = INCLUDE_SOURCE;
				MTL_FAST_MATH = YES;
				ONLY_ACTIVE_ARCH = YES;
				SDKROOT = iphoneos;
				SWIFT_ACTIVE_COMPILATION_CONDITIONS = "DEBUG $(inherited)";
				SWIFT_OPTIMIZATION_LEVEL = "-Onone";
			};
			name = Debug;
		};
		ACBF30E82ACFFB30009562D2 /* Release */ = {
			isa = XCBuildConfiguration;
			buildSettings = {
				ALWAYS_SEARCH_USER_PATHS = NO;
				ASSETCATALOG_COMPILER_GENERATE_SWIFT_ASSET_SYMBOL_EXTENSIONS = YES;
				CLANG_ANALYZER_NONNULL = YES;
				CLANG_ANALYZER_NUMBER_OBJECT_CONVERSION = YES_AGGRESSIVE;
				CLANG_CXX_LANGUAGE_STANDARD = "gnu++20";
				CLANG_ENABLE_MODULES = YES;
				CLANG_ENABLE_OBJC_ARC = YES;
				CLANG_ENABLE_OBJC_WEAK = YES;
				CLANG_WARN_BLOCK_CAPTURE_AUTORELEASING = YES;
				CLANG_WARN_BOOL_CONVERSION = YES;
				CLANG_WARN_COMMA = YES;
				CLANG_WARN_CONSTANT_CONVERSION = YES;
				CLANG_WARN_DEPRECATED_OBJC_IMPLEMENTATIONS = YES;
				CLANG_WARN_DIRECT_OBJC_ISA_USAGE = YES_ERROR;
				CLANG_WARN_DOCUMENTATION_COMMENTS = YES;
				CLANG_WARN_EMPTY_BODY = YES;
				CLANG_WARN_ENUM_CONVERSION = YES;
				CLANG_WARN_INFINITE_RECURSION = YES;
				CLANG_WARN_INT_CONVERSION = YES;
				CLANG_WARN_NON_LITERAL_NULL_CONVERSION = YES;
				CLANG_WARN_OBJC_IMPLICIT_RETAIN_SELF = YES;
				CLANG_WARN_OBJC_LITERAL_CONVERSION = YES;
				CLANG_WARN_OBJC_ROOT_CLASS = YES_ERROR;
				CLANG_WARN_QUOTED_INCLUDE_IN_FRAMEWORK_HEADER = YES;
				CLANG_WARN_RANGE_LOOP_ANALYSIS = YES;
				CLANG_WARN_STRICT_PROTOTYPES = YES;
				CLANG_WARN_SUSPICIOUS_MOVE = YES;
				CLANG_WARN_UNGUARDED_AVAILABILITY = YES_AGGRESSIVE;
				CLANG_WARN_UNREACHABLE_CODE = YES;
				CLANG_WARN__DUPLICATE_METHOD_MATCH = YES;
				COPY_PHASE_STRIP = NO;
				DEBUG_INFORMATION_FORMAT = "dwarf-with-dsym";
				ENABLE_NS_ASSERTIONS = NO;
				ENABLE_STRICT_OBJC_MSGSEND = YES;
				ENABLE_USER_SCRIPT_SANDBOXING = YES;
				GCC_C_LANGUAGE_STANDARD = gnu17;
				GCC_NO_COMMON_BLOCKS = YES;
				GCC_WARN_64_TO_32_BIT_CONVERSION = YES;
				GCC_WARN_ABOUT_RETURN_TYPE = YES_ERROR;
				GCC_WARN_UNDECLARED_SELECTOR = YES;
				GCC_WARN_UNINITIALIZED_AUTOS = YES_AGGRESSIVE;
				GCC_WARN_UNUSED_FUNCTION = YES;
				GCC_WARN_UNUSED_VARIABLE = YES;
				IPHONEOS_DEPLOYMENT_TARGET = 17.0;
				LOCALIZATION_PREFERS_STRING_CATALOGS = YES;
				MTL_ENABLE_DEBUG_INFO = NO;
				MTL_FAST_MATH = YES;
				SDKROOT = iphoneos;
				SWIFT_COMPILATION_MODE = wholemodule;
				VALIDATE_PRODUCT = YES;
			};
			name = Release;
		};
		ACBF30EA2ACFFB30009562D2 /* Debug */ = {
			isa = XCBuildConfiguration;
			buildSettings = {
				ASSETCATALOG_COMPILER_APPICON_NAME = AppIcon;
				ASSETCATALOG_COMPILER_GLOBAL_ACCENT_COLOR_NAME = AccentColor;
				CODE_SIGN_STYLE = Automatic;
				CURRENT_PROJECT_VERSION = 1;
				DEVELOPMENT_ASSET_PATHS = "\"AGHcampus/Preview Content\"";
				ENABLE_PREVIEWS = YES;
				GENERATE_INFOPLIST_FILE = YES;
				INFOPLIST_KEY_UIApplicationSceneManifest_Generation = YES;
				INFOPLIST_KEY_UIApplicationSupportsIndirectInputEvents = YES;
				INFOPLIST_KEY_UILaunchScreen_Generation = YES;
				INFOPLIST_KEY_UISupportedInterfaceOrientations_iPad = "UIInterfaceOrientationPortrait UIInterfaceOrientationPortraitUpsideDown UIInterfaceOrientationLandscapeLeft UIInterfaceOrientationLandscapeRight";
				INFOPLIST_KEY_UISupportedInterfaceOrientations_iPhone = "UIInterfaceOrientationPortrait UIInterfaceOrientationLandscapeLeft UIInterfaceOrientationLandscapeRight";
				LD_RUNPATH_SEARCH_PATHS = (
					"$(inherited)",
					"@executable_path/Frameworks",
				);
				MARKETING_VERSION = 1.0;
				PRODUCT_BUNDLE_IDENTIFIER = danielhenel.AGHcampus;
				PRODUCT_NAME = "$(TARGET_NAME)";
				SWIFT_EMIT_LOC_STRINGS = YES;
				SWIFT_VERSION = 5.0;
				TARGETED_DEVICE_FAMILY = "1,2";
			};
			name = Debug;
		};
		ACBF30EB2ACFFB30009562D2 /* Release */ = {
			isa = XCBuildConfiguration;
			buildSettings = {
				ASSETCATALOG_COMPILER_APPICON_NAME = AppIcon;
				ASSETCATALOG_COMPILER_GLOBAL_ACCENT_COLOR_NAME = AccentColor;
				CODE_SIGN_STYLE = Automatic;
				CURRENT_PROJECT_VERSION = 1;
				DEVELOPMENT_ASSET_PATHS = "\"AGHcampus/Preview Content\"";
				ENABLE_PREVIEWS = YES;
				GENERATE_INFOPLIST_FILE = YES;
				INFOPLIST_KEY_UIApplicationSceneManifest_Generation = YES;
				INFOPLIST_KEY_UIApplicationSupportsIndirectInputEvents = YES;
				INFOPLIST_KEY_UILaunchScreen_Generation = YES;
				INFOPLIST_KEY_UISupportedInterfaceOrientations_iPad = "UIInterfaceOrientationPortrait UIInterfaceOrientationPortraitUpsideDown UIInterfaceOrientationLandscapeLeft UIInterfaceOrientationLandscapeRight";
				INFOPLIST_KEY_UISupportedInterfaceOrientations_iPhone = "UIInterfaceOrientationPortrait UIInterfaceOrientationLandscapeLeft UIInterfaceOrientationLandscapeRight";
				LD_RUNPATH_SEARCH_PATHS = (
					"$(inherited)",
					"@executable_path/Frameworks",
				);
				MARKETING_VERSION = 1.0;
				PRODUCT_BUNDLE_IDENTIFIER = danielhenel.AGHcampus;
				PRODUCT_NAME = "$(TARGET_NAME)";
				SWIFT_EMIT_LOC_STRINGS = YES;
				SWIFT_VERSION = 5.0;
				TARGETED_DEVICE_FAMILY = "1,2";
			};
			name = Release;
		};
		ACBF30ED2ACFFB30009562D2 /* Debug */ = {
			isa = XCBuildConfiguration;
			buildSettings = {
				ALWAYS_EMBED_SWIFT_STANDARD_LIBRARIES = YES;
				BUNDLE_LOADER = "$(TEST_HOST)";
				CODE_SIGN_STYLE = Automatic;
				CURRENT_PROJECT_VERSION = 1;
				GENERATE_INFOPLIST_FILE = YES;
				IPHONEOS_DEPLOYMENT_TARGET = 17.0;
				MARKETING_VERSION = 1.0;
				PRODUCT_BUNDLE_IDENTIFIER = danielhenel.AGHcampusTests;
				PRODUCT_NAME = "$(TARGET_NAME)";
				SWIFT_EMIT_LOC_STRINGS = NO;
				SWIFT_VERSION = 5.0;
				TARGETED_DEVICE_FAMILY = "1,2";
				TEST_HOST = "$(BUILT_PRODUCTS_DIR)/AGHcampus.app/$(BUNDLE_EXECUTABLE_FOLDER_PATH)/AGHcampus";
			};
			name = Debug;
		};
		ACBF30EE2ACFFB30009562D2 /* Release */ = {
			isa = XCBuildConfiguration;
			buildSettings = {
				ALWAYS_EMBED_SWIFT_STANDARD_LIBRARIES = YES;
				BUNDLE_LOADER = "$(TEST_HOST)";
				CODE_SIGN_STYLE = Automatic;
				CURRENT_PROJECT_VERSION = 1;
				GENERATE_INFOPLIST_FILE = YES;
				IPHONEOS_DEPLOYMENT_TARGET = 17.0;
				MARKETING_VERSION = 1.0;
				PRODUCT_BUNDLE_IDENTIFIER = danielhenel.AGHcampusTests;
				PRODUCT_NAME = "$(TARGET_NAME)";
				SWIFT_EMIT_LOC_STRINGS = NO;
				SWIFT_VERSION = 5.0;
				TARGETED_DEVICE_FAMILY = "1,2";
				TEST_HOST = "$(BUILT_PRODUCTS_DIR)/AGHcampus.app/$(BUNDLE_EXECUTABLE_FOLDER_PATH)/AGHcampus";
			};
			name = Release;
		};
		ACBF30F02ACFFB30009562D2 /* Debug */ = {
			isa = XCBuildConfiguration;
			buildSettings = {
				ALWAYS_EMBED_SWIFT_STANDARD_LIBRARIES = YES;
				CODE_SIGN_STYLE = Automatic;
				CURRENT_PROJECT_VERSION = 1;
				GENERATE_INFOPLIST_FILE = YES;
				MARKETING_VERSION = 1.0;
				PRODUCT_BUNDLE_IDENTIFIER = danielhenel.AGHcampusUITests;
				PRODUCT_NAME = "$(TARGET_NAME)";
				SWIFT_EMIT_LOC_STRINGS = NO;
				SWIFT_VERSION = 5.0;
				TARGETED_DEVICE_FAMILY = "1,2";
				TEST_TARGET_NAME = AGHcampus;
			};
			name = Debug;
		};
		ACBF30F12ACFFB30009562D2 /* Release */ = {
			isa = XCBuildConfiguration;
			buildSettings = {
				ALWAYS_EMBED_SWIFT_STANDARD_LIBRARIES = YES;
				CODE_SIGN_STYLE = Automatic;
				CURRENT_PROJECT_VERSION = 1;
				GENERATE_INFOPLIST_FILE = YES;
				MARKETING_VERSION = 1.0;
				PRODUCT_BUNDLE_IDENTIFIER = danielhenel.AGHcampusUITests;
				PRODUCT_NAME = "$(TARGET_NAME)";
				SWIFT_EMIT_LOC_STRINGS = NO;
				SWIFT_VERSION = 5.0;
				TARGETED_DEVICE_FAMILY = "1,2";
				TEST_TARGET_NAME = AGHcampus;
			};
			name = Release;
		};
/* End XCBuildConfiguration section */

/* Begin XCConfigurationList section */
		ACBF30BB2ACFFB2D009562D2 /* Build configuration list for PBXProject "AGHcampus" */ = {
			isa = XCConfigurationList;
			buildConfigurations = (
				ACBF30E72ACFFB30009562D2 /* Debug */,
				ACBF30E82ACFFB30009562D2 /* Release */,
			);
			defaultConfigurationIsVisible = 0;
			defaultConfigurationName = Release;
		};
		ACBF30E92ACFFB30009562D2 /* Build configuration list for PBXNativeTarget "AGHcampus" */ = {
			isa = XCConfigurationList;
			buildConfigurations = (
				ACBF30EA2ACFFB30009562D2 /* Debug */,
				ACBF30EB2ACFFB30009562D2 /* Release */,
			);
			defaultConfigurationIsVisible = 0;
			defaultConfigurationName = Release;
		};
		ACBF30EC2ACFFB30009562D2 /* Build configuration list for PBXNativeTarget "AGHcampusTests" */ = {
			isa = XCConfigurationList;
			buildConfigurations = (
				ACBF30ED2ACFFB30009562D2 /* Debug */,
				ACBF30EE2ACFFB30009562D2 /* Release */,
			);
			defaultConfigurationIsVisible = 0;
			defaultConfigurationName = Release;
		};
		ACBF30EF2ACFFB30009562D2 /* Build configuration list for PBXNativeTarget "AGHcampusUITests" */ = {
			isa = XCConfigurationList;
			buildConfigurations = (
				ACBF30F02ACFFB30009562D2 /* Debug */,
				ACBF30F12ACFFB30009562D2 /* Release */,
			);
			defaultConfigurationIsVisible = 0;
			defaultConfigurationName = Release;
		};
/* End XCConfigurationList section */

/* Begin XCVersionGroup section */
		ACBF30CE2ACFFB2F009562D2 /* AGHcampus.xcdatamodeld */ = {
			isa = XCVersionGroup;
			children = (
				ACBF30CF2ACFFB2F009562D2 /* AGHcampus.xcdatamodel */,
			);
			currentVersion = ACBF30CF2ACFFB2F009562D2 /* AGHcampus.xcdatamodel */;
			path = AGHcampus.xcdatamodeld;
			sourceTree = "<group>";
			versionGroupType = wrapper.xcdatamodel;
		};
/* End XCVersionGroup section */
	};
	rootObject = ACBF30B82ACFFB2D009562D2 /* Project object */;
}
